
Microsoft Visual Studio Solution File, Format Version 12.00
# Visual Studio Version 16
VisualStudioVersion = 16.0.30413.136
MinimumVisualStudioVersion = 10.0.40219.1
Project("{888888A0-9F3D-457C-B088-3A5042F75D52}") = "NikitaIvanov3", "..\..\..\Downloads\NikitaIvanov3.pyproj", "{1FFA8D5E-7155-41AA-B604-39E62B5A258D}"
EndProject
Global
	GlobalSection(SolutionConfigurationPlatforms) = preSolution
		Debug|Any CPU = Debug|Any CPU
		Release|Any CPU = Release|Any CPU
	EndGlobalSection
	GlobalSection(ProjectConfigurationPlatforms) = postSolution
		{1FFA8D5E-7155-41AA-B604-39E62B5A258D}.Debug|Any CPU.ActiveCfg = Debug|Any CPU
		{1FFA8D5E-7155-41AA-B604-39E62B5A258D}.Release|Any CPU.ActiveCfg = Release|Any CPU
	EndGlobalSection
	GlobalSection(SolutionProperties) = preSolution
		HideSolutionNode = FALSE
	EndGlobalSection
	GlobalSection(ExtensibilityGlobals) = postSolution
		SolutionGuid = {3266B20E-F5C1-4EAA-8A9E-22E9E0C2CC6E}
	EndGlobalSection
EndGlobal
